
Microsoft Visual Studio Solution File, Format Version 12.00
# Visual Studio Version 17
VisualStudioVersion = 17.5.33424.131
MinimumVisualStudioVersion = 10.0.40219.1
Project("{9A19103F-16F7-4668-BE54-9A1E7A4F7556}") = "VrfTestbed", "VrfTestbed.csproj", "{B68A4CAC-59C8-42AB-873E-F5D0239E6B84}"
EndProject
Project("{FAE04EC0-301F-11D3-BF4B-00C04F79EFBC}") = "VrfTestbed.Test", "..\VrfTestbed.Test\VrfTestbed.Test.csproj", "{713744D4-2748-4D89-A3BF-DEE8235F2894}"
EndProject
Global
	GlobalSection(SolutionConfigurationPlatforms) = preSolution
		Debug|Any CPU = Debug|Any CPU
		Release|Any CPU = Release|Any CPU
	EndGlobalSection
	GlobalSection(ProjectConfigurationPlatforms) = postSolution
		{B68A4CAC-59C8-42AB-873E-F5D0239E6B84}.Debug|Any CPU.ActiveCfg = Debug|Any CPU
		{B68A4CAC-59C8-42AB-873E-F5D0239E6B84}.Debug|Any CPU.Build.0 = Debug|Any CPU
		{B68A4CAC-59C8-42AB-873E-F5D0239E6B84}.Release|Any CPU.ActiveCfg = Release|Any CPU
		{B68A4CAC-59C8-42AB-873E-F5D0239E6B84}.Release|Any CPU.Build.0 = Release|Any CPU
		{713744D4-2748-4D89-A3BF-DEE8235F2894}.Debug|Any CPU.ActiveCfg = Debug|Any CPU
		{713744D4-2748-4D89-A3BF-DEE8235F2894}.Debug|Any CPU.Build.0 = Debug|Any CPU
		{713744D4-2748-4D89-A3BF-DEE8235F2894}.Release|Any CPU.ActiveCfg = Release|Any CPU
		{713744D4-2748-4D89-A3BF-DEE8235F2894}.Release|Any CPU.Build.0 = Release|Any CPU
	EndGlobalSection
	GlobalSection(SolutionProperties) = preSolution
		HideSolutionNode = FALSE
	EndGlobalSection
	GlobalSection(ExtensibilityGlobals) = postSolution
		SolutionGuid = {74127E8B-644C-4678-B10C-8473BF904D52}
	EndGlobalSection
EndGlobal
